
Microsoft Visual Studio Solution File, Format Version 11.00
# Visual Studio 2010
Project("{FAE04EC0-301F-11D3-BF4B-00C04F79EFBC}") = "Jewelry-AR", "Assembly-CSharp.csproj", "{A3C019F7-89BD-47D3-0362-2EB704CD14A6}"
EndProject
Project("{FAE04EC0-301F-11D3-BF4B-00C04F79EFBC}") = "Jewelry-AR", "Assembly-CSharp-Editor.csproj", "{F317D340-D138-953A-1351-C33C7283C113}"
EndProject
Global
	GlobalSection(SolutionConfigurationPlatforms) = preSolution
		Debug|Any CPU = Debug|Any CPU
		Release|Any CPU = Release|Any CPU
	EndGlobalSection
	GlobalSection(ProjectConfigurationPlatforms) = postSolution
		{A3C019F7-89BD-47D3-0362-2EB704CD14A6}.Debug|Any CPU.ActiveCfg = Debug|Any CPU
		{A3C019F7-89BD-47D3-0362-2EB704CD14A6}.Debug|Any CPU.Build.0 = Debug|Any CPU
		{A3C019F7-89BD-47D3-0362-2EB704CD14A6}.Release|Any CPU.ActiveCfg = Release|Any CPU
		{A3C019F7-89BD-47D3-0362-2EB704CD14A6}.Release|Any CPU.Build.0 = Release|Any CPU
		{F317D340-D138-953A-1351-C33C7283C113}.Debug|Any CPU.ActiveCfg = Debug|Any CPU
		{F317D340-D138-953A-1351-C33C7283C113}.Debug|Any CPU.Build.0 = Debug|Any CPU
		{F317D340-D138-953A-1351-C33C7283C113}.Release|Any CPU.ActiveCfg = Release|Any CPU
		{F317D340-D138-953A-1351-C33C7283C113}.Release|Any CPU.Build.0 = Release|Any CPU
	EndGlobalSection
	GlobalSection(SolutionProperties) = preSolution
		HideSolutionNode = FALSE
	EndGlobalSection
	GlobalSection(MonoDevelopProperties) = preSolution
		StartupItem = Assembly-CSharp.csproj
	EndGlobalSection
EndGlobal
