
Microsoft Visual Studio Solution File, Format Version 11.00
# Visual Studio 2010
Project("{FAE04EC0-301F-11D3-BF4B-00C04F79EFBC}") = "ShopAR", "Assembly-CSharp.csproj", "{B8A1250A-5486-5847-BCF9-644B3B27C07E}"
EndProject
Project("{FAE04EC0-301F-11D3-BF4B-00C04F79EFBC}") = "ShopAR", "Assembly-CSharp-Editor.csproj", "{B52C93AA-F16D-87BB-A30D-D0FE0F31A222}"
EndProject
Global
	GlobalSection(SolutionConfigurationPlatforms) = preSolution
		Debug|Any CPU = Debug|Any CPU
		Release|Any CPU = Release|Any CPU
	EndGlobalSection
	GlobalSection(ProjectConfigurationPlatforms) = postSolution
		{B8A1250A-5486-5847-BCF9-644B3B27C07E}.Debug|Any CPU.ActiveCfg = Debug|Any CPU
		{B8A1250A-5486-5847-BCF9-644B3B27C07E}.Debug|Any CPU.Build.0 = Debug|Any CPU
		{B8A1250A-5486-5847-BCF9-644B3B27C07E}.Release|Any CPU.ActiveCfg = Release|Any CPU
		{B8A1250A-5486-5847-BCF9-644B3B27C07E}.Release|Any CPU.Build.0 = Release|Any CPU
		{B52C93AA-F16D-87BB-A30D-D0FE0F31A222}.Debug|Any CPU.ActiveCfg = Debug|Any CPU
		{B52C93AA-F16D-87BB-A30D-D0FE0F31A222}.Debug|Any CPU.Build.0 = Debug|Any CPU
		{B52C93AA-F16D-87BB-A30D-D0FE0F31A222}.Release|Any CPU.ActiveCfg = Release|Any CPU
		{B52C93AA-F16D-87BB-A30D-D0FE0F31A222}.Release|Any CPU.Build.0 = Release|Any CPU
	EndGlobalSection
	GlobalSection(SolutionProperties) = preSolution
		HideSolutionNode = FALSE
	EndGlobalSection
	GlobalSection(MonoDevelopProperties) = preSolution
		StartupItem = Assembly-CSharp.csproj
	EndGlobalSection
EndGlobal
